// !$*UTF8*$!
{
	archiveVersion = 1;
	classes = {
	};
	objectVersion = 46;
	objects = {

/* Begin PBXBuildFile section */
		DEBDEF291C1BCE730046D41E /* AppDelegate.swift in Sources */ = {isa = PBXBuildFile; fileRef = DEBDEF281C1BCE730046D41E /* AppDelegate.swift */; };
		DEBDEF2B1C1BCE730046D41E /* ViewController.swift in Sources */ = {isa = PBXBuildFile; fileRef = DEBDEF2A1C1BCE730046D41E /* ViewController.swift */; };
		DEBDEF2E1C1BCE730046D41E /* Main.storyboard in Resources */ = {isa = PBXBuildFile; fileRef = DEBDEF2C1C1BCE730046D41E /* Main.storyboard */; };
		DEBDEF301C1BCE730046D41E /* Assets.xcassets in Resources */ = {isa = PBXBuildFile; fileRef = DEBDEF2F1C1BCE730046D41E /* Assets.xcassets */; };
		DEBDEF331C1BCE730046D41E /* LaunchScreen.storyboard in Resources */ = {isa = PBXBuildFile; fileRef = DEBDEF311C1BCE730046D41E /* LaunchScreen.storyboard */; };
/* End PBXBuildFile section */

/* Begin PBXFileReference section */
		DEBDEF251C1BCE730046D41E /* CMPE_297_CoreMotion.app */ = {isa = PBXFileReference; explicitFileType = wrapper.application; includeInIndex = 0; path = CMPE_297_CoreMotion.app; sourceTree = BUILT_PRODUCTS_DIR; };
		DEBDEF281C1BCE730046D41E /* AppDelegate.swift */ = {isa = PBXFileReference; lastKnownFileType = sourcecode.swift; path = AppDelegate.swift; sourceTree = "<group>"; };
		DEBDEF2A1C1BCE730046D41E /* ViewController.swift */ = {isa = PBXFileReference; lastKnownFileType = sourcecode.swift; path = ViewController.swift; sourceTree = "<group>"; };
		DEBDEF2D1C1BCE730046D41E /* Base */ = {isa = PBXFileReference; lastKnownFileType = file.storyboard; name = Base; path = Base.lproj/Main.storyboard; sourceTree = "<group>"; };
		DEBDEF2F1C1BCE730046D41E /* Assets.xcassets */ = {isa = PBXFileReference; lastKnownFileType = folder.assetcatalog; path = Assets.xcassets; sourceTree = "<group>"; };
		DEBDEF321C1BCE730046D41E /* Base */ = {isa = PBXFileReference; lastKnownFileType = file.storyboard; name = Base; path = Base.lproj/LaunchScreen.storyboard; sourceTree = "<group>"; };
		DEBDEF341C1BCE730046D41E /* Info.plist */ = {isa = PBXFileReference; lastKnownFileType = text.plist.xml; path = Info.plist; sourceTree = "<group>"; };
/* End PBXFileReference section */

/* Begin PBXFrameworksBuildPhase section */
		DEBDEF221C1BCE730046D41E /* Frameworks */ = {
			isa = PBXFrameworksBuildPhase;
			buildActionMask = 2147483647;
			files = (
			);
			runOnlyForDeploymentPostprocessing = 0;
		};
/* End PBXFrameworksBuildPhase section */

/* Begin PBXGroup section */
		DEBDEF1C1C1BCE730046D41E = {
			isa = PBXGroup;
			children = (
				DEBDEF271C1BCE730046D41E /* CMPE_297_CoreMotion */,
				DEBDEF261C1BCE730046D41E /* Products */,
			);
			sourceTree = "<group>";
		};
		DEBDEF261C1BCE730046D41E /* Products */ = {
			isa = PBXGroup;
			children = (
				DEBDEF251C1BCE730046D41E /* CMPE_297_CoreMotion.app */,
			);
			name = Products;
			sourceTree = "<group>";
		};
		DEBDEF271C1BCE730046D41E /* CMPE_297_CoreMotion */ = {
			isa = PBXGroup;
			children = (
				DEBDEF281C1BCE730046D41E /* AppDelegate.swift */,
				DEBDEF2A1C1BCE730046D41E /* ViewController.swift */,
				DEBDEF2C1C1BCE730046D41E /* Main.storyboard */,
				DEBDEF2F1C1BCE730046D41E /* Assets.xcassets */,
				DEBDEF311C1BCE730046D41E /* LaunchScreen.storyboard */,
				DEBDEF341C1BCE730046D41E /* Info.plist */,
			);
			path = CMPE_297_CoreMotion;
			sourceTree = "<group>";
		};
/* End PBXGroup section */

/* Begin PBXNativeTarget section */
		DEBDEF241C1BCE730046D41E /* CMPE_297_CoreMotion */ = {
			isa = PBXNativeTarget;
			buildConfigurationList = DEBDEF371C1BCE730046D41E /* Build configuration list for PBXNativeTarget "CMPE_297_CoreMotion" */;
			buildPhases = (
				DEBDEF211C1BCE730046D41E /* Sources */,
				DEBDEF221C1BCE730046D41E /* Frameworks */,
				DEBDEF231C1BCE730046D41E /* Resources */,
			);
			buildRules = (
			);
			dependencies = (
			);
			name = CMPE_297_CoreMotion;
			productName = CMPE_297_CoreMotion;
			productReference = DEBDEF251C1BCE730046D41E /* CMPE_297_CoreMotion.app */;
			productType = "com.apple.product-type.application";
		};
/* End PBXNativeTarget section */

/* Begin PBXProject section */
		DEBDEF1D1C1BCE730046D41E /* Project object */ = {
			isa = PBXProject;
			attributes = {
				LastSwiftUpdateCheck = 0710;
				LastUpgradeCheck = 0710;
				ORGANIZATIONNAME = "Rodd Naderzad";
				TargetAttributes = {
					DEBDEF241C1BCE730046D41E = {
						CreatedOnToolsVersion = 7.1.1;
					};
				};
			};
			buildConfigurationList = DEBDEF201C1BCE730046D41E /* Build configuration list for PBXProject "CMPE_297_CoreMotion" */;
			compatibilityVersion = "Xcode 3.2";
			developmentRegion = English;
			hasScannedForEncodings = 0;
			knownRegions = (
				en,
				Base,
			);
			mainGroup = DEBDEF1C1C1BCE730046D41E;
			productRefGroup = DEBDEF261C1BCE730046D41E /* Products */;
			projectDirPath = "";
			projectRoot = "";
			targets = (
				DEBDEF241C1BCE730046D41E /* CMPE_297_CoreMotion */,
			);
		};
/* End PBXProject section */

/* Begin PBXResourcesBuildPhase section */
		DEBDEF231C1BCE730046D41E /* Resources */ = {
			isa = PBXResourcesBuildPhase;
			buildActionMask = 2147483647;
			files = (
				DEBDEF331C1BCE730046D41E /* LaunchScreen.storyboard in Resources */,
				DEBDEF301C1BCE730046D41E /* Assets.xcassets in Resources */,
				DEBDEF2E1C1BCE730046D41E /* Main.storyboard in Resources */,
			);
			runOnlyForDeploymentPostprocessing = 0;
		};
/* End PBXResourcesBuildPhase section */

/* Begin PBXSourcesBuildPhase section */
		DEBDEF211C1BCE730046D41E /* Sources */ = {
			isa = PBXSourcesBuildPhase;
			buildActionMask = 2147483647;
			files = (
				DEBDEF2B1C1BCE730046D41E /* ViewController.swift in Sources */,
				DEBDEF291C1BCE730046D41E /* AppDelegate.swift in Sources */,
			);
			runOnlyForDeploymentPostprocessing = 0;
		};
/* End PBXSourcesBuildPhase section */

/* Begin PBXVariantGroup section */
		DEBDEF2C1C1BCE730046D41E /* Main.storyboard */ = {
			isa = PBXVariantGroup;
			children = (
				DEBDEF2D1C1BCE730046D41E /* Base */,
			);
			name = Main.storyboard;
			sourceTree = "<group>";
		};
		DEBDEF311C1BCE730046D41E /* LaunchScreen.storyboard */ = {
			isa = PBXVariantGroup;
			children = (
				DEBDEF321C1BCE730046D41E /* Base */,
			);
			name = LaunchScreen.storyboard;
			sourceTree = "<group>";
		};
/* End PBXVariantGroup section */

/* Begin XCBuildConfiguration section */
		DEBDEF351C1BCE730046D41E /* Debug */ = {
			isa = XCBuildConfiguration;
			buildSettings = {
				ALWAYS_SEARCH_USER_PATHS = NO;
				CLANG_CXX_LANGUAGE_STANDARD = "gnu++0x";
				CLANG_CXX_LIBRARY = "libc++";
				CLANG_ENABLE_MODULES = YES;
				CLANG_ENABLE_OBJC_ARC = YES;
				CLANG_WARN_BOOL_CONVERSION = YES;
				CLANG_WARN_CONSTANT_CONVERSION = YES;
				CLANG_WARN_DIRECT_OBJC_ISA_USAGE = YES_ERROR;
				CLANG_WARN_EMPTY_BODY = YES;
				CLANG_WARN_ENUM_CONVERSION = YES;
				CLANG_WARN_INT_CONVERSION = YES;
				CLANG_WARN_OBJC_ROOT_CLASS = YES_ERROR;
				CLANG_WARN_UNREACHABLE_CODE = YES;
				CLANG_WARN__DUPLICATE_METHOD_MATCH = YES;
				"CODE_SIGN_IDENTITY[sdk=iphoneos*]" = "iPhone Developer";
				COPY_PHASE_STRIP = NO;
				DEBUG_INFORMATION_FORMAT = dwarf;
				ENABLE_STRICT_OBJC_MSGSEND = YES;
				ENABLE_TESTABILITY = YES;
				GCC_C_LANGUAGE_STANDARD = gnu99;
				GCC_DYNAMIC_NO_PIC = NO;
				GCC_NO_COMMON_BLOCKS = YES;
				GCC_OPTIMIZATION_LEVEL = 0;
				GCC_PREPROCESSOR_DEFINITIONS = (
					"DEBUG=1",
					"$(inherited)",
				);
				GCC_WARN_64_TO_32_BIT_CONVERSION = YES;
				GCC_WARN_ABOUT_RETURN_TYPE = YES_ERROR;
				GCC_WARN_UNDECLARED_SELECTOR = YES;
				GCC_WARN_UNINITIALIZED_AUTOS = YES_AGGRESSIVE;
				GCC_WARN_UNUSED_FUNCTION = YES;
				GCC_WARN_UNUSED_VARIABLE = YES;
				IPHONEOS_DEPLOYMENT_TARGET = 9.1;
				MTL_ENABLE_DEBUG_INFO = YES;
				ONLY_ACTIVE_ARCH = YES;
				SDKROOT = iphoneos;
				SWIFT_OPTIMIZATION_LEVEL = "-Onone";
			};
			name = Debug;
		};
		DEBDEF361C1BCE730046D41E /* Release */ = {
			isa = XCBuildConfiguration;
			buildSettings = {
				ALWAYS_SEARCH_USER_PATHS = NO;
				CLANG_CXX_LANGUAGE_STANDARD = "gnu++0x";
				CLANG_CXX_LIBRARY = "libc++";
				CLANG_ENABLE_MODULES = YES;
				CLANG_ENABLE_OBJC_ARC = YES;
				CLANG_WARN_BOOL_CONVERSION = YES;
				CLANG_WARN_CONSTANT_CONVERSION = YES;
				CLANG_WARN_DIRECT_OBJC_ISA_USAGE = YES_ERROR;
				CLANG_WARN_EMPTY_BODY = YES;
				CLANG_WARN_ENUM_CONVERSION = YES;
				CLANG_WARN_INT_CONVERSION = YES;
				CLANG_WARN_OBJC_ROOT_CLASS = YES_ERROR;
				CLANG_WARN_UNREACHABLE_CODE = YES;
				CLANG_WARN__DUPLICATE_METHOD_MATCH = YES;
				"CODE_SIGN_IDENTITY[sdk=iphoneos*]" = "iPhone Developer";
				COPY_PHASE_STRIP = NO;
				DEBUG_INFORMATION_FORMAT = "dwarf-with-dsym";
				ENABLE_NS_ASSERTIONS = NO;
				ENABLE_STRICT_OBJC_MSGSEND = YES;
				GCC_C_LANGUAGE_STANDARD = gnu99;
				GCC_NO_COMMON_BLOCKS = YES;
				GCC_WARN_64_TO_32_BIT_CONVERSION = YES;
				GCC_WARN_ABOUT_RETURN_TYPE = YES_ERROR;
				GCC_WARN_UNDECLARED_SELECTOR = YES;
				GCC_WARN_UNINITIALIZED_AUTOS = YES_AGGRESSIVE;
				GCC_WARN_UNUSED_FUNCTION = YES;
				GCC_WARN_UNUSED_VARIABLE = YES;
				IPHONEOS_DEPLOYMENT_TARGET = 9.1;
				MTL_ENABLE_DEBUG_INFO = NO;
				SDKROOT = iphoneos;
				VALIDATE_PRODUCT = YES;
			};
			name = Release;
		};
		DEBDEF381C1BCE730046D41E /* Debug */ = {
			isa = XCBuildConfiguration;
			buildSettings = {
				ASSETCATALOG_COMPILER_APPICON_NAME = AppIcon;
				INFOPLIST_FILE = CMPE_297_CoreMotion/Info.plist;
				LD_RUNPATH_SEARCH_PATHS = "$(inherited) @executable_path/Frameworks";
				PRODUCT_BUNDLE_IDENTIFIER = "com.roddnaderzad.CMPE-297-CoreMotion";
				PRODUCT_NAME = "$(TARGET_NAME)";
			};
			name = Debug;
		};
		DEBDEF391C1BCE730046D41E /* Release */ = {
			isa = XCBuildConfiguration;
			buildSettings = {
				ASSETCATALOG_COMPILER_APPICON_NAME = AppIcon;
				INFOPLIST_FILE = CMPE_297_CoreMotion/Info.plist;
				LD_RUNPATH_SEARCH_PATHS = "$(inherited) @executable_path/Frameworks";
				PRODUCT_BUNDLE_IDENTIFIER = "com.roddnaderzad.CMPE-297-CoreMotion";
				PRODUCT_NAME = "$(TARGET_NAME)";
			};
			name = Release;
		};
/* End XCBuildConfiguration section */

/* Begin XCConfigurationList section */
		DEBDEF201C1BCE730046D41E /* Build configuration list for PBXProject "CMPE_297_CoreMotion" */ = {
			isa = XCConfigurationList;
			buildConfigurations = (
				DEBDEF351C1BCE730046D41E /* Debug */,
				DEBDEF361C1BCE730046D41E /* Release */,
			);
			defaultConfigurationIsVisible = 0;
			defaultConfigurationName = Release;
		};
		DEBDEF371C1BCE730046D41E /* Build configuration list for PBXNativeTarget "CMPE_297_CoreMotion" */ = {
			isa = XCConfigurationList;
			buildConfigurations = (
				DEBDEF381C1BCE730046D41E /* Debug */,
				DEBDEF391C1BCE730046D41E /* Release */,
			);
			defaultConfigurationIsVisible = 0;
		};
/* End XCConfigurationList section */
	};
	rootObject = DEBDEF1D1C1BCE730046D41E /* Project object */;
}
